
Microsoft Visual Studio Solution File, Format Version 12.00
# Visual Studio Version 16
VisualStudioVersion = 16.0.30523.141
MinimumVisualStudioVersion = 10.0.40219.1
Project("{9A19103F-16F7-4668-BE54-9A1E7A4F7556}") = "DaleHackathon2020", "DaleHackathon2020\DaleHackathon2020.csproj", "{23061066-58C3-43B3-BC7D-6A9A0E1B00A4}"
EndProject
Project("{9A19103F-16F7-4668-BE54-9A1E7A4F7556}") = "MCosmosClassLibrary", "MCosmosClassLibrary\MCosmosClassLibrary.csproj", "{1A77E623-B352-485D-86D6-392B5196525F}"
EndProject
Project("{9A19103F-16F7-4668-BE54-9A1E7A4F7556}") = "TestProject", "TestProject\TestProject.csproj", "{94C7CE02-DAA7-4F20-8783-1B73C371A21A}"
EndProject
Project("{FAE04EC0-301F-11D3-BF4B-00C04F79EFBC}") = "ExampleFilesCollection", "ExampleFilesCollection\ExampleFilesCollection.csproj", "{A5D07FDC-E5D1-49EF-BA02-CA026DF857D7}"
EndProject
Project("{FAE04EC0-301F-11D3-BF4B-00C04F79EFBC}") = "MCosmosFolderWatcher", "MCosmosFolderWatcher\MCosmosFolderWatcher.csproj", "{381CCEE4-D888-4F68-9B48-1A5A03DD48F1}"
EndProject
Project("{FAE04EC0-301F-11D3-BF4B-00C04F79EFBC}") = "MCosmosFolderWatcherTests", "MCosmosFolderWatcherTests\MCosmosFolderWatcherTests.csproj", "{372C7FFB-1CAC-43CA-B6A6-35E69BC667C1}"
EndProject
Global
	GlobalSection(SolutionConfigurationPlatforms) = preSolution
		Debug|Any CPU = Debug|Any CPU
		Release|Any CPU = Release|Any CPU
	EndGlobalSection
	GlobalSection(ProjectConfigurationPlatforms) = postSolution
		{23061066-58C3-43B3-BC7D-6A9A0E1B00A4}.Debug|Any CPU.ActiveCfg = Debug|Any CPU
		{23061066-58C3-43B3-BC7D-6A9A0E1B00A4}.Debug|Any CPU.Build.0 = Debug|Any CPU
		{23061066-58C3-43B3-BC7D-6A9A0E1B00A4}.Release|Any CPU.ActiveCfg = Release|Any CPU
		{23061066-58C3-43B3-BC7D-6A9A0E1B00A4}.Release|Any CPU.Build.0 = Release|Any CPU
		{1A77E623-B352-485D-86D6-392B5196525F}.Debug|Any CPU.ActiveCfg = Debug|Any CPU
		{1A77E623-B352-485D-86D6-392B5196525F}.Debug|Any CPU.Build.0 = Debug|Any CPU
		{1A77E623-B352-485D-86D6-392B5196525F}.Release|Any CPU.ActiveCfg = Release|Any CPU
		{1A77E623-B352-485D-86D6-392B5196525F}.Release|Any CPU.Build.0 = Release|Any CPU
		{94C7CE02-DAA7-4F20-8783-1B73C371A21A}.Debug|Any CPU.ActiveCfg = Debug|Any CPU
		{94C7CE02-DAA7-4F20-8783-1B73C371A21A}.Debug|Any CPU.Build.0 = Debug|Any CPU
		{94C7CE02-DAA7-4F20-8783-1B73C371A21A}.Release|Any CPU.ActiveCfg = Release|Any CPU
		{94C7CE02-DAA7-4F20-8783-1B73C371A21A}.Release|Any CPU.Build.0 = Release|Any CPU
		{A5D07FDC-E5D1-49EF-BA02-CA026DF857D7}.Debug|Any CPU.ActiveCfg = Debug|Any CPU
		{A5D07FDC-E5D1-49EF-BA02-CA026DF857D7}.Debug|Any CPU.Build.0 = Debug|Any CPU
		{A5D07FDC-E5D1-49EF-BA02-CA026DF857D7}.Release|Any CPU.ActiveCfg = Release|Any CPU
		{A5D07FDC-E5D1-49EF-BA02-CA026DF857D7}.Release|Any CPU.Build.0 = Release|Any CPU
		{381CCEE4-D888-4F68-9B48-1A5A03DD48F1}.Debug|Any CPU.ActiveCfg = Debug|Any CPU
		{381CCEE4-D888-4F68-9B48-1A5A03DD48F1}.Debug|Any CPU.Build.0 = Debug|Any CPU
		{381CCEE4-D888-4F68-9B48-1A5A03DD48F1}.Release|Any CPU.ActiveCfg = Release|Any CPU
		{381CCEE4-D888-4F68-9B48-1A5A03DD48F1}.Release|Any CPU.Build.0 = Release|Any CPU
		{372C7FFB-1CAC-43CA-B6A6-35E69BC667C1}.Debug|Any CPU.ActiveCfg = Debug|Any CPU
		{372C7FFB-1CAC-43CA-B6A6-35E69BC667C1}.Debug|Any CPU.Build.0 = Debug|Any CPU
		{372C7FFB-1CAC-43CA-B6A6-35E69BC667C1}.Release|Any CPU.ActiveCfg = Release|Any CPU
		{372C7FFB-1CAC-43CA-B6A6-35E69BC667C1}.Release|Any CPU.Build.0 = Release|Any CPU
	EndGlobalSection
	GlobalSection(SolutionProperties) = preSolution
		HideSolutionNode = FALSE
	EndGlobalSection
	GlobalSection(ExtensibilityGlobals) = postSolution
		SolutionGuid = {FA3521E6-56B9-4836-8137-D0DA4B444C21}
	EndGlobalSection
EndGlobal
